
Microsoft Visual Studio Solution File, Format Version 12.00
# Visual Studio Version 17
VisualStudioVersion = 17.8.34525.116
MinimumVisualStudioVersion = 10.0.40219.1
Project("{9A19103F-16F7-4668-BE54-9A1E7A4F7556}") = "WeatherS", "WeatherS\WeatherS.csproj", "{702B3067-6985-4C31-9AA2-35C52E5174F3}"
EndProject
Project("{FAE04EC0-301F-11D3-BF4B-00C04F79EFBC}") = "CountryModel", "CountryModel\CountryModel.csproj", "{E56B1580-C16C-4D40-BA61-CF736FDC787C}"
EndProject
Global
	GlobalSection(SolutionConfigurationPlatforms) = preSolution
		Debug|Any CPU = Debug|Any CPU
		Release|Any CPU = Release|Any CPU
	EndGlobalSection
	GlobalSection(ProjectConfigurationPlatforms) = postSolution
		{702B3067-6985-4C31-9AA2-35C52E5174F3}.Debug|Any CPU.ActiveCfg = Debug|Any CPU
		{702B3067-6985-4C31-9AA2-35C52E5174F3}.Debug|Any CPU.Build.0 = Debug|Any CPU
		{702B3067-6985-4C31-9AA2-35C52E5174F3}.Release|Any CPU.ActiveCfg = Release|Any CPU
		{702B3067-6985-4C31-9AA2-35C52E5174F3}.Release|Any CPU.Build.0 = Release|Any CPU
		{E56B1580-C16C-4D40-BA61-CF736FDC787C}.Debug|Any CPU.ActiveCfg = Debug|Any CPU
		{E56B1580-C16C-4D40-BA61-CF736FDC787C}.Debug|Any CPU.Build.0 = Debug|Any CPU
		{E56B1580-C16C-4D40-BA61-CF736FDC787C}.Release|Any CPU.ActiveCfg = Release|Any CPU
		{E56B1580-C16C-4D40-BA61-CF736FDC787C}.Release|Any CPU.Build.0 = Release|Any CPU
	EndGlobalSection
	GlobalSection(SolutionProperties) = preSolution
		HideSolutionNode = FALSE
	EndGlobalSection
	GlobalSection(ExtensibilityGlobals) = postSolution
		SolutionGuid = {E05AF28D-2ED8-48A0-A492-46523A14C432}
	EndGlobalSection
EndGlobal
